
Microsoft Visual Studio Solution File, Format Version 12.00
# Visual Studio 15
VisualStudioVersion = 15.0.28307.705
MinimumVisualStudioVersion = 10.0.40219.1
Project("{FAE04EC0-301F-11D3-BF4B-00C04F79EFBC}") = "Invasion of Gooks", "Invasion of Gooks\Invasion of Gooks.csproj", "{7EE70081-3B34-41F6-A40B-BE19F59270FE}"
EndProject
Project("{FAE04EC0-301F-11D3-BF4B-00C04F79EFBC}") = "CommLibrary", "CommLibrary\CommLibrary.csproj", "{A460E641-A9CD-4CF1-8584-82D7B4F49507}"
EndProject
Project("{54435603-DBB4-11D2-8724-00A0C9A8B90C}") = "SetupIOG", "SetupIOG\SetupIOG.vdproj", "{F4392830-695B-4A15-A4C2-4D7A33E15BBB}"
EndProject
Global
	GlobalSection(SolutionConfigurationPlatforms) = preSolution
		Debug|Any CPU = Debug|Any CPU
		Release|Any CPU = Release|Any CPU
	EndGlobalSection
	GlobalSection(ProjectConfigurationPlatforms) = postSolution
		{7EE70081-3B34-41F6-A40B-BE19F59270FE}.Debug|Any CPU.ActiveCfg = Debug|Any CPU
		{7EE70081-3B34-41F6-A40B-BE19F59270FE}.Debug|Any CPU.Build.0 = Debug|Any CPU
		{7EE70081-3B34-41F6-A40B-BE19F59270FE}.Release|Any CPU.ActiveCfg = Release|Any CPU
		{7EE70081-3B34-41F6-A40B-BE19F59270FE}.Release|Any CPU.Build.0 = Release|Any CPU
		{A460E641-A9CD-4CF1-8584-82D7B4F49507}.Debug|Any CPU.ActiveCfg = Debug|Any CPU
		{A460E641-A9CD-4CF1-8584-82D7B4F49507}.Debug|Any CPU.Build.0 = Debug|Any CPU
		{A460E641-A9CD-4CF1-8584-82D7B4F49507}.Release|Any CPU.ActiveCfg = Release|Any CPU
		{A460E641-A9CD-4CF1-8584-82D7B4F49507}.Release|Any CPU.Build.0 = Release|Any CPU
		{F4392830-695B-4A15-A4C2-4D7A33E15BBB}.Debug|Any CPU.ActiveCfg = Debug
		{F4392830-695B-4A15-A4C2-4D7A33E15BBB}.Release|Any CPU.ActiveCfg = Release
	EndGlobalSection
	GlobalSection(SolutionProperties) = preSolution
		HideSolutionNode = FALSE
	EndGlobalSection
	GlobalSection(ExtensibilityGlobals) = postSolution
		SolutionGuid = {B586D448-6ACF-4D84-8D16-FBD0BF39043F}
	EndGlobalSection
EndGlobal
